hash: b36064c3da1bc9dce5f2e117df81aff1ab8d5977e56186b3ec8d7f33b1936954
updated: 2018-08-24T15:56:33.880800432-05:00
imports:
- name: github.com/beorn7/perks
  version: 4c0e84591b9aa9e6dcfdf3e020114cd81f89d5f9
  subpackages:
  - quantile
- name: github.com/btcsuitereleases/btcd
  version: e005ff2cdaac3b3a0b60c8d03978221b784ad50a
  subpackages:
  - btcjson
  - chaincfg
  - txscript
  - wire
- name: github.com/btcsuitereleases/btclog
  version: 9ccde63ae9b8e0255b8c473f9c831e3f71479c09
- name: github.com/btcsuitereleases/btcrpcclient
  version: 30a5dc36b5f1519ae5dd9cae45aaf73ad46a813a
- name: github.com/btcsuitereleases/btcutil
  version: f2b1058a82554c0c7c3b8809c5956c38374604d8
  subpackages:
  - base58
- name: github.com/btcsuitereleases/fastsha256
  version: 302ad4db268b46f9ebda3078f6f7397f96047735
- name: github.com/btcsuitereleases/go-socks
  version: cfe8b59e565c1a5bd4e2005d77cd9aa8b2e14524
- name: github.com/btcsuitereleases/golangcrypto
  version: 05002d6890216a1a6df3acb9c2d6177a5cd28602
- name: github.com/btcsuitereleases/seelog
  version: 313961b101eb55f65ae0f03ddd4e322731763b6c
- name: github.com/btcsuitereleases/websocket
  version: 4f61fd4eb6615fbff1acb8b339a8f4dbe8fc4df8
- name: github.com/FactomProject/basen
  version: fe3947df716ebfda9847eb1b9a48f9592e06478c
- name: github.com/FactomProject/bolt
  version: 952a1b4e9a55f458d536cf703bce25a4e9c99841
- name: github.com/FactomProject/btcutil
  version: 43986820ccd50b2b02b83e575cb3a39c87457482
  subpackages:
  - base58
  - certs
- name: github.com/FactomProject/btcutilecc
  version: d3a63a5752ecf3fbc06bd97365da752111c263df
- name: github.com/FactomProject/ed25519
  version: 38002c4fe7b609c2fa3144a3cc29b997b756bb4c
  subpackages:
  - edwards25519
- name: github.com/FactomProject/factoid
  version: 3ee9763f86849036723d1b059216e08a6d34b184
  subpackages:
  - block
  - database
  - state
  - state/stateinit
  - wallet
- name: github.com/FactomProject/factom
  version: 0473b0dd9b46610c9e521bd852a93e3e091d7f37
  subpackages:
  - wallet
  - wallet/wsapi
- name: github.com/FactomProject/FactomCode
  version: d7e03150a9d5d8672e52a0769a4c6376f5c12631
  subpackages:
  - controlpanel
- name: github.com/FactomProject/factomd
  version: feb1b81eff8c440f76cf2866ceeb9207974bcef2
  subpackages:
  - activations
  - anchor
  - common/adminBlock
  - common/constants
  - common/directoryBlock
  - common/directoryBlock/dbInfo
  - common/entryBlock
  - common/entryCreditBlock
  - common/factoid
  - common/globals
  - common/interfaces
  - common/primitives
  - common/primitives/random
  - database/blockExtractor
  - database/boltdb
  - database/databaseOverlay
  - database/hybridDB
  - database/leveldb
  - database/mapdb
  - database/securedb
  - log
  - util
- name: github.com/FactomProject/go-bip32
  version: 3b593af1c415abc1017648e4eb24a88c32fee0f3
- name: github.com/FactomProject/go-bip39
  version: d1007fb78d9a7ec65314dad412973e63caf4c527
- name: github.com/FactomProject/go-bip44
  version: fd672f46ddc35bb381f497f7b64c9cf34f9e0703
- name: github.com/FactomProject/go-simplejson
  version: aabad6e819789e569bd6aabf444c935aa9ba1e44
- name: github.com/FactomProject/go-spew
  version: ddfaec9b42f58fc8172b0cbb03b21c6668dd0a46
  subpackages:
  - spew
- name: github.com/FactomProject/goleveldb
  version: e7800c6976c5d75f0a9c5e9e0e2ff8086940e58f
  subpackages:
  - leveldb
  - leveldb/cache
  - leveldb/comparer
  - leveldb/errors
  - leveldb/filter
  - leveldb/iterator
  - leveldb/journal
  - leveldb/memdb
  - leveldb/opt
  - leveldb/storage
  - leveldb/table
  - leveldb/util
- name: github.com/FactomProject/netki-go-partner-client
  version: 426acb535e66cc2f9e6226ae254555e3572fd142
- name: github.com/FactomProject/snappy-go
  version: f2f83b22c29e5abc60e3a95062ce1491d3b95371
- name: github.com/FactomProject/web
  version: 7daee1bf727fc2cd9142b9a73a797f98b3180756
- name: github.com/golang/protobuf
  version: 130e6b02ab059e7b717a096f397c5b60111cae74
  subpackages:
  - proto
- name: github.com/matttproud/golang_protobuf_extensions
  version: c12348ce28de40eed0136aa2b644d0ee0650e56c
  subpackages:
  - pbutil
- name: github.com/prometheus/client_golang
  version: 5cec1d0429b02e4323e042eb04dafdb079ddf568
  subpackages:
  - prometheus
- name: github.com/prometheus/client_model
  version: 6f3806018612930941127f2a7c6c453ba2c527d2
  subpackages:
  - go
- name: github.com/prometheus/common
  version: 1bab55dd05dbff384524a6a1c99006d9eb5f139b
  subpackages:
  - expfmt
  - internal/bitbucket.org/ww/goautoneg
  - model
- name: github.com/prometheus/procfs
  version: a6e9df898b1336106c743392c48ee0b71f5c4efa
  subpackages:
  - xfs
- name: github.com/sirupsen/logrus
  version: 89742aefa4b206dcf400792f3bd35b542998eb3b
- name: golang.org/x/crypto
  version: 614d502a4dac94afa3a6ce146bd1736da82514c6
  subpackages:
  - pbkdf2
  - ripemd160
  - scrypt
  - ssh/terminal
- name: golang.org/x/net
  version: aaf60122140d3fcf75376d319f0554393160eb50
  subpackages:
  - websocket
- name: golang.org/x/sys
  version: 1a700e749ce29638d0bbcb531cce1094ea096bd3
  subpackages:
  - unix
  - windows
- name: gopkg.in/gcfg.v1
  version: 61b2c08bc8f6068f7c5ca684372f9a6cb1c45ebe
  subpackages:
  - scanner
  - token
  - types
- name: gopkg.in/warnings.v0
  version: ec4a0fea49c7b46c2aeb0b51aac55779c607e52b
testImports: []
